
Microsoft Visual Studio Solution File, Format Version 12.00
# Visual Studio Version 16
VisualStudioVersion = 16.0.30114.105
MinimumVisualStudioVersion = 10.0.40219.1
Project("{8BC9CEB8-8B4A-11D0-8D11-00A0C91BC942}") = "cplusplusprogramming_chapter10_template", "cplusplusprogramming_chapter10_template.vcxproj", "{B8FE0D7D-92EA-480F-8B52-D726A01D56BC}"
EndProject
Global
	GlobalSection(SolutionConfigurationPlatforms) = preSolution
		Debug|x64 = Debug|x64
		Debug|x86 = Debug|x86
		Release|x64 = Release|x64
		Release|x86 = Release|x86
	EndGlobalSection
	GlobalSection(ProjectConfigurationPlatforms) = postSolution
		{B8FE0D7D-92EA-480F-8B52-D726A01D56BC}.Debug|x64.ActiveCfg = Debug|x64
		{B8FE0D7D-92EA-480F-8B52-D726A01D56BC}.Debug|x64.Build.0 = Debug|x64
		{B8FE0D7D-92EA-480F-8B52-D726A01D56BC}.Debug|x86.ActiveCfg = Debug|Win32
		{B8FE0D7D-92EA-480F-8B52-D726A01D56BC}.Debug|x86.Build.0 = Debug|Win32
		{B8FE0D7D-92EA-480F-8B52-D726A01D56BC}.Release|x64.ActiveCfg = Release|x64
		{B8FE0D7D-92EA-480F-8B52-D726A01D56BC}.Release|x64.Build.0 = Release|x64
		{B8FE0D7D-92EA-480F-8B52-D726A01D56BC}.Release|x86.ActiveCfg = Release|Win32
		{B8FE0D7D-92EA-480F-8B52-D726A01D56BC}.Release|x86.Build.0 = Release|Win32
	EndGlobalSection
	GlobalSection(SolutionProperties) = preSolution
		HideSolutionNode = FALSE
	EndGlobalSection
	GlobalSection(ExtensibilityGlobals) = postSolution
		SolutionGuid = {C8D9C8E4-BD81-45B8-8494-5293AD97982A}
	EndGlobalSection
EndGlobal
